<?xml version="1.0" encoding="utf-8"?>
<Project ToolsVersion="4.0" xmlns="http://schemas.microsoft.com/developer/msbuild/2003">
  <ItemGroup>
    <Filter Include="Source Files">
      <UniqueIdentifier>{4FC737F1-C7A5-4376-A066-2A32D752A2FF}</UniqueIdentifier>
      <Extensions>cpp;c;cc;cxx;def;odl;idl;hpj;bat;asm;asmx</Extensions>
    </Filter>
    <Filter Include="Header Files">
      <UniqueIdentifier>{93995380-89BD-4b04-88EB-625FBE52EBFB}</UniqueIdentifier>
      <Extensions>h;hh;hpp;hxx;hm;inl;inc;xsd</Extensions>
    </Filter>
    <Filter Include="Resource Files">
      <UniqueIdentifier>{67DA6AB6-F800-4c08-8B7A-83BB121AAD01}</UniqueIdentifier>
      <Extensions>rc;ico;cur;bmp;dlg;rc2;rct;bin;rgs;gif;jpg;jpeg;jpe;resx;tiff;tif;png;wav;mfcribbon-ms</Extensions>
    </Filter>
    <Filter Include="Header Files\maps">
      <UniqueIdentifier>{12f7b713-3055-42bf-817b-392c5af1125a}</UniqueIdentifier>
    </Filter>
    <Filter Include="Header Files\elements">
      <UniqueIdentifier>{2efc7ede-f03e-40ac-888e-0b6ceef8b9e8}</UniqueIdentifier>
    </Filter>
    <Filter Include="Source Files\maps">
      <UniqueIdentifier>{5e09d4f2-3999-4d96-b14d-bed664954b55}</UniqueIdentifier>
    </Filter>
    <Filter Include="Source Files\elements">
      <UniqueIdentifier>{4e4f10c0-9b8b-4204-adc0-b55ed0f055bf}</UniqueIdentifier>
    </Filter>
  </ItemGroup>
  <ItemGroup>
    <ClCompile Include="TheLongNight.cpp">
      <Filter>Source Files</Filter>
    </ClCompile>
    <ClCompile Include="window.cpp">
      <Filter>Source Files</Filter>
    </ClCompile>
    <ClCompile Include="game.cpp">
      <Filter>Source Files</Filter>
    </ClCompile>
    <ClCompile Include="element.cpp">
      <Filter>Source Files\elements</Filter>
    </ClCompile>
    <ClCompile Include="map.cpp">
      <Filter>Source Files\maps</Filter>
    </ClCompile>
    <ClCompile Include="maptile.cpp">
      <Filter>Source Files\maps</Filter>
    </ClCompile>
    <ClCompile Include="person.cpp">
      <Filter>Source Files\elements</Filter>
    </ClCompile>
    <ClCompile Include="counter.cpp">
      <Filter>Source Files</Filter>
    </ClCompile>
    <ClCompile Include="monster.cpp">
      <Filter>Source Files\elements</Filter>
    </ClCompile>
    <ClCompile Include="turnTracker.cpp">
      <Filter>Source Files</Filter>
    </ClCompile>
    <ClCompile Include="utility.cpp">
      <Filter>Source Files</Filter>
    </ClCompile>
    <ClCompile Include="item.cpp">
      <Filter>Source Files\elements</Filter>
    </ClCompile>
    <ClCompile Include="inventory.cpp">
      <Filter>Source Files\elements</Filter>
    </ClCompile>
    <ClCompile Include="armour.cpp">
      <Filter>Source Files\elements</Filter>
    </ClCompile>
    <ClCompile Include="weapon.cpp">
      <Filter>Source Files\elements</Filter>
    </ClCompile>
    <ClCompile Include="spell.cpp">
      <Filter>Source Files\elements</Filter>
    </ClCompile>
    <ClCompile Include="consumable.cpp">
      <Filter>Source Files\elements</Filter>
    </ClCompile>
    <ClCompile Include="menu.cpp">
      <Filter>Source Files</Filter>
    </ClCompile>
    <ClCompile Include="mapLoader.cpp">
      <Filter>Source Files\maps</Filter>
    </ClCompile>
  </ItemGroup>
  <ItemGroup>
    <ClInclude Include="window.h">
      <Filter>Header Files</Filter>
    </ClInclude>
    <ClInclude Include="game.h">
      <Filter>Header Files</Filter>
    </ClInclude>
    <ClInclude Include="tileConsts.h">
      <Filter>Header Files</Filter>
    </ClInclude>
    <ClInclude Include="keycodes.h">
      <Filter>Header Files</Filter>
    </ClInclude>
    <ClInclude Include="map.h">
      <Filter>Header Files\maps</Filter>
    </ClInclude>
    <ClInclude Include="maptile.h">
      <Filter>Header Files\maps</Filter>
    </ClInclude>
    <ClInclude Include="element.h">
      <Filter>Header Files\elements</Filter>
    </ClInclude>
    <ClInclude Include="person.h">
      <Filter>Header Files\elements</Filter>
    </ClInclude>
    <ClInclude Include="counter.h">
      <Filter>Header Files</Filter>
    </ClInclude>
    <ClInclude Include="monster.h">
      <Filter>Header Files\elements</Filter>
    </ClInclude>
    <ClInclude Include="turnTracker.h">
      <Filter>Header Files</Filter>
    </ClInclude>
    <ClInclude Include="utility.h">
      <Filter>Header Files</Filter>
    </ClInclude>
    <ClInclude Include="categories.h">
      <Filter>Header Files</Filter>
    </ClInclude>
    <ClInclude Include="item.h">
      <Filter>Header Files\elements</Filter>
    </ClInclude>
    <ClInclude Include="inventory.h">
      <Filter>Header Files\elements</Filter>
    </ClInclude>
    <ClInclude Include="armour.h">
      <Filter>Header Files\elements</Filter>
    </ClInclude>
    <ClInclude Include="weapon.h">
      <Filter>Header Files\elements</Filter>
    </ClInclude>
    <ClInclude Include="spell.h">
      <Filter>Header Files\elements</Filter>
    </ClInclude>
    <ClInclude Include="consumable.h">
      <Filter>Header Files\elements</Filter>
    </ClInclude>
    <ClInclude Include="menu.h">
      <Filter>Header Files</Filter>
    </ClInclude>
    <ClInclude Include="mapLoader.h">
      <Filter>Header Files\maps</Filter>
    </ClInclude>
  </ItemGroup>
</Project>